// !$*UTF8*$!
{
	archiveVersion = 1;
	classes = {
	};
	objectVersion = 46;
	objects = {

/* Begin PBXBuildFile section */
		6B5BA4F01A8D16D400E10142 /* Model.xcdatamodeld in Sources */ = {isa = PBXBuildFile; fileRef = 6B5BA4EE1A8D16D400E10142 /* Model.xcdatamodeld */; };
		6BA38A8B1A9BBD3B007D5391 /* Notebook.m in Sources */ = {isa = PBXBuildFile; fileRef = 6BA38A8A1A9BBD3B007D5391 /* Notebook.m */; };
		6BA38A8E1A9BBD3C007D5391 /* NamedEntity.m in Sources */ = {isa = PBXBuildFile; fileRef = 6BA38A8D1A9BBD3C007D5391 /* NamedEntity.m */; };
		6BA38A911A9BBD3C007D5391 /* Note.m in Sources */ = {isa = PBXBuildFile; fileRef = 6BA38A901A9BBD3C007D5391 /* Note.m */; };
		6BA497D71A8A9A260082234E /* main.m in Sources */ = {isa = PBXBuildFile; fileRef = 6BA497D61A8A9A260082234E /* main.m */; };
		6BA497DA1A8A9A260082234E /* AppDelegate.m in Sources */ = {isa = PBXBuildFile; fileRef = 6BA497D91A8A9A260082234E /* AppDelegate.m */; };
		6BA497DC1A8A9A260082234E /* Images.xcassets in Resources */ = {isa = PBXBuildFile; fileRef = 6BA497DB1A8A9A260082234E /* Images.xcassets */; };
		6BA497DF1A8A9A260082234E /* LaunchScreen.xib in Resources */ = {isa = PBXBuildFile; fileRef = 6BA497DD1A8A9A260082234E /* LaunchScreen.xib */; };
		6BA497EB1A8A9A260082234E /* EverPobreTests.m in Sources */ = {isa = PBXBuildFile; fileRef = 6BA497EA1A8A9A260082234E /* EverPobreTests.m */; };
		6BA497F71A8A9A7A0082234E /* AGTSimpleCoreDataStack.m in Sources */ = {isa = PBXBuildFile; fileRef = 6BA497F61A8A9A7A0082234E /* AGTSimpleCoreDataStack.m */; };
/* End PBXBuildFile section */

/* Begin PBXContainerItemProxy section */
		6BA497E51A8A9A260082234E /* PBXContainerItemProxy */ = {
			isa = PBXContainerItemProxy;
			containerPortal = 6BA497C91A8A9A260082234E /* Project object */;
			proxyType = 1;
			remoteGlobalIDString = 6BA497D01A8A9A260082234E;
			remoteInfo = EverPobre;
		};
/* End PBXContainerItemProxy section */

/* Begin PBXFileReference section */
		6B5BA4EF1A8D16D400E10142 /* Model.xcdatamodel */ = {isa = PBXFileReference; lastKnownFileType = wrapper.xcdatamodel; path = Model.xcdatamodel; sourceTree = "<group>"; };
		6BA38A891A9BBD3B007D5391 /* Notebook.h */ = {isa = PBXFileReference; fileEncoding = 4; lastKnownFileType = sourcecode.c.h; path = Notebook.h; sourceTree = "<group>"; };
		6BA38A8A1A9BBD3B007D5391 /* Notebook.m */ = {isa = PBXFileReference; fileEncoding = 4; lastKnownFileType = sourcecode.c.objc; path = Notebook.m; sourceTree = "<group>"; };
		6BA38A8C1A9BBD3C007D5391 /* NamedEntity.h */ = {isa = PBXFileReference; fileEncoding = 4; lastKnownFileType = sourcecode.c.h; path = NamedEntity.h; sourceTree = "<group>"; };
		6BA38A8D1A9BBD3C007D5391 /* NamedEntity.m */ = {isa = PBXFileReference; fileEncoding = 4; lastKnownFileType = sourcecode.c.objc; path = NamedEntity.m; sourceTree = "<group>"; };
		6BA38A8F1A9BBD3C007D5391 /* Note.h */ = {isa = PBXFileReference; fileEncoding = 4; lastKnownFileType = sourcecode.c.h; path = Note.h; sourceTree = "<group>"; };
		6BA38A901A9BBD3C007D5391 /* Note.m */ = {isa = PBXFileReference; fileEncoding = 4; lastKnownFileType = sourcecode.c.objc; path = Note.m; sourceTree = "<group>"; };
		6BA497D11A8A9A260082234E /* EverPobre.app */ = {isa = PBXFileReference; explicitFileType = wrapper.application; includeInIndex = 0; path = EverPobre.app; sourceTree = BUILT_PRODUCTS_DIR; };
		6BA497D51A8A9A260082234E /* Info.plist */ = {isa = PBXFileReference; lastKnownFileType = text.plist.xml; path = Info.plist; sourceTree = "<group>"; };
		6BA497D61A8A9A260082234E /* main.m */ = {isa = PBXFileReference; lastKnownFileType = sourcecode.c.objc; path = main.m; sourceTree = "<group>"; };
		6BA497D81A8A9A260082234E /* AppDelegate.h */ = {isa = PBXFileReference; lastKnownFileType = sourcecode.c.h; path = AppDelegate.h; sourceTree = "<group>"; };
		6BA497D91A8A9A260082234E /* AppDelegate.m */ = {isa = PBXFileReference; lastKnownFileType = sourcecode.c.objc; path = AppDelegate.m; sourceTree = "<group>"; };
		6BA497DB1A8A9A260082234E /* Images.xcassets */ = {isa = PBXFileReference; lastKnownFileType = folder.assetcatalog; path = Images.xcassets; sourceTree = "<group>"; };
		6BA497DE1A8A9A260082234E /* Base */ = {isa = PBXFileReference; lastKnownFileType = file.xib; name = Base; path = Base.lproj/LaunchScreen.xib; sourceTree = "<group>"; };
		6BA497E41A8A9A260082234E /* EverPobreTests.xctest */ = {isa = PBXFileReference; explicitFileType = wrapper.cfbundle; includeInIndex = 0; path = EverPobreTests.xctest; sourceTree = BUILT_PRODUCTS_DIR; };
		6BA497E91A8A9A260082234E /* Info.plist */ = {isa = PBXFileReference; lastKnownFileType = text.plist.xml; path = Info.plist; sourceTree = "<group>"; };
		6BA497EA1A8A9A260082234E /* EverPobreTests.m */ = {isa = PBXFileReference; lastKnownFileType = sourcecode.c.objc; path = EverPobreTests.m; sourceTree = "<group>"; };
		6BA497F51A8A9A7A0082234E /* AGTSimpleCoreDataStack.h */ = {isa = PBXFileReference; fileEncoding = 4; lastKnownFileType = sourcecode.c.h; path = AGTSimpleCoreDataStack.h; sourceTree = "<group>"; };
		6BA497F61A8A9A7A0082234E /* AGTSimpleCoreDataStack.m */ = {isa = PBXFileReference; fileEncoding = 4; lastKnownFileType = sourcecode.c.objc; path = AGTSimpleCoreDataStack.m; sourceTree = "<group>"; };
/* End PBXFileReference section */

/* Begin PBXFrameworksBuildPhase section */
		6BA497CE1A8A9A260082234E /* Frameworks */ = {
			isa = PBXFrameworksBuildPhase;
			buildActionMask = 2147483647;
			files = (
			);
			runOnlyForDeploymentPostprocessing = 0;
		};
		6BA497E11A8A9A260082234E /* Frameworks */ = {
			isa = PBXFrameworksBuildPhase;
			buildActionMask = 2147483647;
			files = (
			);
			runOnlyForDeploymentPostprocessing = 0;
		};
/* End PBXFrameworksBuildPhase section */

/* Begin PBXGroup section */
		6BA497C81A8A9A260082234E = {
			isa = PBXGroup;
			children = (
				6BA497D31A8A9A260082234E /* EverPobre */,
				6BA497E71A8A9A260082234E /* EverPobreTests */,
				6BA497D21A8A9A260082234E /* Products */,
			);
			sourceTree = "<group>";
		};
		6BA497D21A8A9A260082234E /* Products */ = {
			isa = PBXGroup;
			children = (
				6BA497D11A8A9A260082234E /* EverPobre.app */,
				6BA497E41A8A9A260082234E /* EverPobreTests.xctest */,
			);
			name = Products;
			sourceTree = "<group>";
		};
		6BA497D31A8A9A260082234E /* EverPobre */ = {
			isa = PBXGroup;
			children = (
				6BA497F41A8A9A600082234E /* Models */,
				6BA497D81A8A9A260082234E /* AppDelegate.h */,
				6BA497D91A8A9A260082234E /* AppDelegate.m */,
				6BA497DB1A8A9A260082234E /* Images.xcassets */,
				6BA497DD1A8A9A260082234E /* LaunchScreen.xib */,
				6BA497D41A8A9A260082234E /* Supporting Files */,
			);
			path = EverPobre;
			sourceTree = "<group>";
		};
		6BA497D41A8A9A260082234E /* Supporting Files */ = {
			isa = PBXGroup;
			children = (
				6BA497D51A8A9A260082234E /* Info.plist */,
				6BA497D61A8A9A260082234E /* main.m */,
			);
			name = "Supporting Files";
			sourceTree = "<group>";
		};
		6BA497E71A8A9A260082234E /* EverPobreTests */ = {
			isa = PBXGroup;
			children = (
				6BA497EA1A8A9A260082234E /* EverPobreTests.m */,
				6BA497E81A8A9A260082234E /* Supporting Files */,
			);
			path = EverPobreTests;
			sourceTree = "<group>";
		};
		6BA497E81A8A9A260082234E /* Supporting Files */ = {
			isa = PBXGroup;
			children = (
				6BA497E91A8A9A260082234E /* Info.plist */,
			);
			name = "Supporting Files";
			sourceTree = "<group>";
		};
		6BA497F41A8A9A600082234E /* Models */ = {
			isa = PBXGroup;
			children = (
				6BA497F51A8A9A7A0082234E /* AGTSimpleCoreDataStack.h */,
				6BA497F61A8A9A7A0082234E /* AGTSimpleCoreDataStack.m */,
				6B5BA4EE1A8D16D400E10142 /* Model.xcdatamodeld */,
				6BA38A8F1A9BBD3C007D5391 /* Note.h */,
				6BA38A901A9BBD3C007D5391 /* Note.m */,
				6BA38A8C1A9BBD3C007D5391 /* NamedEntity.h */,
				6BA38A8D1A9BBD3C007D5391 /* NamedEntity.m */,
				6BA38A891A9BBD3B007D5391 /* Notebook.h */,
				6BA38A8A1A9BBD3B007D5391 /* Notebook.m */,
			);
			name = Models;
			sourceTree = "<group>";
		};
/* End PBXGroup section */

/* Begin PBXNativeTarget section */
		6BA497D01A8A9A260082234E /* EverPobre */ = {
			isa = PBXNativeTarget;
			buildConfigurationList = 6BA497EE1A8A9A260082234E /* Build configuration list for PBXNativeTarget "EverPobre" */;
			buildPhases = (
				6BA497CD1A8A9A260082234E /* Sources */,
				6BA497CE1A8A9A260082234E /* Frameworks */,
				6BA497CF1A8A9A260082234E /* Resources */,
			);
			buildRules = (
			);
			dependencies = (
			);
			name = EverPobre;
			productName = EverPobre;
			productReference = 6BA497D11A8A9A260082234E /* EverPobre.app */;
			productType = "com.apple.product-type.application";
		};
		6BA497E31A8A9A260082234E /* EverPobreTests */ = {
			isa = PBXNativeTarget;
			buildConfigurationList = 6BA497F11A8A9A260082234E /* Build configuration list for PBXNativeTarget "EverPobreTests" */;
			buildPhases = (
				6BA497E01A8A9A260082234E /* Sources */,
				6BA497E11A8A9A260082234E /* Frameworks */,
				6BA497E21A8A9A260082234E /* Resources */,
			);
			buildRules = (
			);
			dependencies = (
				6BA497E61A8A9A260082234E /* PBXTargetDependency */,
			);
			name = EverPobreTests;
			productName = EverPobreTests;
			productReference = 6BA497E41A8A9A260082234E /* EverPobreTests.xctest */;
			productType = "com.apple.product-type.bundle.unit-test";
		};
/* End PBXNativeTarget section */

/* Begin PBXProject section */
		6BA497C91A8A9A260082234E /* Project object */ = {
			isa = PBXProject;
			attributes = {
				LastUpgradeCheck = 0610;
				ORGANIZATIONNAME = antoniomeh;
				TargetAttributes = {
					6BA497D01A8A9A260082234E = {
						CreatedOnToolsVersion = 6.1.1;
					};
					6BA497E31A8A9A260082234E = {
						CreatedOnToolsVersion = 6.1.1;
						TestTargetID = 6BA497D01A8A9A260082234E;
					};
				};
			};
			buildConfigurationList = 6BA497CC1A8A9A260082234E /* Build configuration list for PBXProject "EverPobre" */;
			compatibilityVersion = "Xcode 3.2";
			developmentRegion = English;
			hasScannedForEncodings = 0;
			knownRegions = (
				en,
				Base,
			);
			mainGroup = 6BA497C81A8A9A260082234E;
			productRefGroup = 6BA497D21A8A9A260082234E /* Products */;
			projectDirPath = "";
			projectRoot = "";
			targets = (
				6BA497D01A8A9A260082234E /* EverPobre */,
				6BA497E31A8A9A260082234E /* EverPobreTests */,
			);
		};
/* End PBXProject section */

/* Begin PBXResourcesBuildPhase section */
		6BA497CF1A8A9A260082234E /* Resources */ = {
			isa = PBXResourcesBuildPhase;
			buildActionMask = 2147483647;
			files = (
				6BA497DF1A8A9A260082234E /* LaunchScreen.xib in Resources */,
				6BA497DC1A8A9A260082234E /* Images.xcassets in Resources */,
			);
			runOnlyForDeploymentPostprocessing = 0;
		};
		6BA497E21A8A9A260082234E /* Resources */ = {
			isa = PBXResourcesBuildPhase;
			buildActionMask = 2147483647;
			files = (
			);
			runOnlyForDeploymentPostprocessing = 0;
		};
/* End PBXResourcesBuildPhase section */

/* Begin PBXSourcesBuildPhase section */
		6BA497CD1A8A9A260082234E /* Sources */ = {
			isa = PBXSourcesBuildPhase;
			buildActionMask = 2147483647;
			files = (
				6BA38A8B1A9BBD3B007D5391 /* Notebook.m in Sources */,
				6BA497DA1A8A9A260082234E /* AppDelegate.m in Sources */,
				6BA38A8E1A9BBD3C007D5391 /* NamedEntity.m in Sources */,
				6BA497D71A8A9A260082234E /* main.m in Sources */,
				6BA497F71A8A9A7A0082234E /* AGTSimpleCoreDataStack.m in Sources */,
				6BA38A911A9BBD3C007D5391 /* Note.m in Sources */,
				6B5BA4F01A8D16D400E10142 /* Model.xcdatamodeld in Sources */,
			);
			runOnlyForDeploymentPostprocessing = 0;
		};
		6BA497E01A8A9A260082234E /* Sources */ = {
			isa = PBXSourcesBuildPhase;
			buildActionMask = 2147483647;
			files = (
				6BA497EB1A8A9A260082234E /* EverPobreTests.m in Sources */,
			);
			runOnlyForDeploymentPostprocessing = 0;
		};
/* End PBXSourcesBuildPhase section */

/* Begin PBXTargetDependency section */
		6BA497E61A8A9A260082234E /* PBXTargetDependency */ = {
			isa = PBXTargetDependency;
			target = 6BA497D01A8A9A260082234E /* EverPobre */;
			targetProxy = 6BA497E51A8A9A260082234E /* PBXContainerItemProxy */;
		};
/* End PBXTargetDependency section */

/* Begin PBXVariantGroup section */
		6BA497DD1A8A9A260082234E /* LaunchScreen.xib */ = {
			isa = PBXVariantGroup;
			children = (
				6BA497DE1A8A9A260082234E /* Base */,
			);
			name = LaunchScreen.xib;
			sourceTree = "<group>";
		};
/* End PBXVariantGroup section */

/* Begin XCBuildConfiguration section */
		6BA497EC1A8A9A260082234E /* Debug */ = {
			isa = XCBuildConfiguration;
			buildSettings = {
				ALWAYS_SEARCH_USER_PATHS = NO;
				CLANG_CXX_LANGUAGE_STANDARD = "gnu++0x";
				CLANG_CXX_LIBRARY = "libc++";
				CLANG_ENABLE_MODULES = YES;
				CLANG_ENABLE_OBJC_ARC = YES;
				CLANG_WARN_BOOL_CONVERSION = YES;
				CLANG_WARN_CONSTANT_CONVERSION = YES;
				CLANG_WARN_DIRECT_OBJC_ISA_USAGE = YES_ERROR;
				CLANG_WARN_EMPTY_BODY = YES;
				CLANG_WARN_ENUM_CONVERSION = YES;
				CLANG_WARN_INT_CONVERSION = YES;
				CLANG_WARN_OBJC_ROOT_CLASS = YES_ERROR;
				CLANG_WARN_UNREACHABLE_CODE = YES;
				CLANG_WARN__DUPLICATE_METHOD_MATCH = YES;
				"CODE_SIGN_IDENTITY[sdk=iphoneos*]" = "iPhone Developer";
				COPY_PHASE_STRIP = NO;
				ENABLE_STRICT_OBJC_MSGSEND = YES;
				GCC_C_LANGUAGE_STANDARD = gnu99;
				GCC_DYNAMIC_NO_PIC = NO;
				GCC_OPTIMIZATION_LEVEL = 0;
				GCC_PREPROCESSOR_DEFINITIONS = (
					"DEBUG=1",
					"$(inherited)",
				);
				GCC_SYMBOLS_PRIVATE_EXTERN = NO;
				GCC_WARN_64_TO_32_BIT_CONVERSION = YES;
				GCC_WARN_ABOUT_RETURN_TYPE = YES_ERROR;
				GCC_WARN_UNDECLARED_SELECTOR = YES;
				GCC_WARN_UNINITIALIZED_AUTOS = YES_AGGRESSIVE;
				GCC_WARN_UNUSED_FUNCTION = YES;
				GCC_WARN_UNUSED_VARIABLE = YES;
				IPHONEOS_DEPLOYMENT_TARGET = 8.1;
				MTL_ENABLE_DEBUG_INFO = YES;
				ONLY_ACTIVE_ARCH = YES;
				SDKROOT = iphoneos;
				TARGETED_DEVICE_FAMILY = "1,2";
			};
			name = Debug;
		};
		6BA497ED1A8A9A260082234E /* Release */ = {
			isa = XCBuildConfiguration;
			buildSettings = {
				ALWAYS_SEARCH_USER_PATHS = NO;
				CLANG_CXX_LANGUAGE_STANDARD = "gnu++0x";
				CLANG_CXX_LIBRARY = "libc++";
				CLANG_ENABLE_MODULES = YES;
				CLANG_ENABLE_OBJC_ARC = YES;
				CLANG_WARN_BOOL_CONVERSION = YES;
				CLANG_WARN_CONSTANT_CONVERSION = YES;
				CLANG_WARN_DIRECT_OBJC_ISA_USAGE = YES_ERROR;
				CLANG_WARN_EMPTY_BODY = YES;
				CLANG_WARN_ENUM_CONVERSION = YES;
				CLANG_WARN_INT_CONVERSION = YES;
				CLANG_WARN_OBJC_ROOT_CLASS = YES_ERROR;
				CLANG_WARN_UNREACHABLE_CODE = YES;
				CLANG_WARN__DUPLICATE_METHOD_MATCH = YES;
				"CODE_SIGN_IDENTITY[sdk=iphoneos*]" = "iPhone Developer";
				COPY_PHASE_STRIP = YES;
				ENABLE_NS_ASSERTIONS = NO;
				ENABLE_STRICT_OBJC_MSGSEND = YES;
				GCC_C_LANGUAGE_STANDARD = gnu99;
				GCC_WARN_64_TO_32_BIT_CONVERSION = YES;
				GCC_WARN_ABOUT_RETURN_TYPE = YES_ERROR;
				GCC_WARN_UNDECLARED_SELECTOR = YES;
				GCC_WARN_UNINITIALIZED_AUTOS = YES_AGGRESSIVE;
				GCC_WARN_UNUSED_FUNCTION = YES;
				GCC_WARN_UNUSED_VARIABLE = YES;
				IPHONEOS_DEPLOYMENT_TARGET = 8.1;
				MTL_ENABLE_DEBUG_INFO = NO;
				SDKROOT = iphoneos;
				TARGETED_DEVICE_FAMILY = "1,2";
				VALIDATE_PRODUCT = YES;
			};
			name = Release;
		};
		6BA497EF1A8A9A260082234E /* Debug */ = {
			isa = XCBuildConfiguration;
			buildSettings = {
				ASSETCATALOG_COMPILER_APPICON_NAME = AppIcon;
				INFOPLIST_FILE = EverPobre/Info.plist;
				IPHONEOS_DEPLOYMENT_TARGET = 7.0;
				LD_RUNPATH_SEARCH_PATHS = "$(inherited) @executable_path/Frameworks";
				PRODUCT_NAME = "$(TARGET_NAME)";
				TARGETED_DEVICE_FAMILY = 1;
			};
			name = Debug;
		};
		6BA497F01A8A9A260082234E /* Release */ = {
			isa = XCBuildConfiguration;
			buildSettings = {
				ASSETCATALOG_COMPILER_APPICON_NAME = AppIcon;
				INFOPLIST_FILE = EverPobre/Info.plist;
				IPHONEOS_DEPLOYMENT_TARGET = 7.0;
				LD_RUNPATH_SEARCH_PATHS = "$(inherited) @executable_path/Frameworks";
				PRODUCT_NAME = "$(TARGET_NAME)";
				TARGETED_DEVICE_FAMILY = 1;
			};
			name = Release;
		};
		6BA497F21A8A9A260082234E /* Debug */ = {
			isa = XCBuildConfiguration;
			buildSettings = {
				BUNDLE_LOADER = "$(TEST_HOST)";
				FRAMEWORK_SEARCH_PATHS = (
					"$(SDKROOT)/Developer/Library/Frameworks",
					"$(inherited)",
				);
				GCC_PREPROCESSOR_DEFINITIONS = (
					"DEBUG=1",
					"$(inherited)",
				);
				INFOPLIST_FILE = EverPobreTests/Info.plist;
				LD_RUNPATH_SEARCH_PATHS = "$(inherited) @executable_path/Frameworks @loader_path/Frameworks";
				PRODUCT_NAME = "$(TARGET_NAME)";
				TEST_HOST = "$(BUILT_PRODUCTS_DIR)/EverPobre.app/EverPobre";
			};
			name = Debug;
		};
		6BA497F31A8A9A260082234E /* Release */ = {
			isa = XCBuildConfiguration;
			buildSettings = {
				BUNDLE_LOADER = "$(TEST_HOST)";
				FRAMEWORK_SEARCH_PATHS = (
					"$(SDKROOT)/Developer/Library/Frameworks",
					"$(inherited)",
				);
				INFOPLIST_FILE = EverPobreTests/Info.plist;
				LD_RUNPATH_SEARCH_PATHS = "$(inherited) @executable_path/Frameworks @loader_path/Frameworks";
				PRODUCT_NAME = "$(TARGET_NAME)";
				TEST_HOST = "$(BUILT_PRODUCTS_DIR)/EverPobre.app/EverPobre";
			};
			name = Release;
		};
/* End XCBuildConfiguration section */

/* Begin XCConfigurationList section */
		6BA497CC1A8A9A260082234E /* Build configuration list for PBXProject "EverPobre" */ = {
			isa = XCConfigurationList;
			buildConfigurations = (
				6BA497EC1A8A9A260082234E /* Debug */,
				6BA497ED1A8A9A260082234E /* Release */,
			);
			defaultConfigurationIsVisible = 0;
			defaultConfigurationName = Release;
		};
		6BA497EE1A8A9A260082234E /* Build configuration list for PBXNativeTarget "EverPobre" */ = {
			isa = XCConfigurationList;
			buildConfigurations = (
				6BA497EF1A8A9A260082234E /* Debug */,
				6BA497F01A8A9A260082234E /* Release */,
			);
			defaultConfigurationIsVisible = 0;
			defaultConfigurationName = Release;
		};
		6BA497F11A8A9A260082234E /* Build configuration list for PBXNativeTarget "EverPobreTests" */ = {
			isa = XCConfigurationList;
			buildConfigurations = (
				6BA497F21A8A9A260082234E /* Debug */,
				6BA497F31A8A9A260082234E /* Release */,
			);
			defaultConfigurationIsVisible = 0;
			defaultConfigurationName = Release;
		};
/* End XCConfigurationList section */

/* Begin XCVersionGroup section */
		6B5BA4EE1A8D16D400E10142 /* Model.xcdatamodeld */ = {
			isa = XCVersionGroup;
			children = (
				6B5BA4EF1A8D16D400E10142 /* Model.xcdatamodel */,
			);
			currentVersion = 6B5BA4EF1A8D16D400E10142 /* Model.xcdatamodel */;
			path = Model.xcdatamodeld;
			sourceTree = "<group>";
			versionGroupType = wrapper.xcdatamodel;
		};
/* End XCVersionGroup section */
	};
	rootObject = 6BA497C91A8A9A260082234E /* Project object */;
}
